
Microsoft Visual Studio Solution File, Format Version 12.00
# Visual Studio Version 16
VisualStudioVersion = 16.0.31515.178
MinimumVisualStudioVersion = 10.0.40219.1
Project("{FAE04EC0-301F-11D3-BF4B-00C04F79EFBC}") = "KahveOneriSitesi", "KahveOneriSitesi\KahveOneriSitesi.csproj", "{362B0758-C713-4044-B173-3551084446A1}"
EndProject
Global
	GlobalSection(SolutionConfigurationPlatforms) = preSolution
		Debug|Any CPU = Debug|Any CPU
		Release|Any CPU = Release|Any CPU
	EndGlobalSection
	GlobalSection(ProjectConfigurationPlatforms) = postSolution
		{362B0758-C713-4044-B173-3551084446A1}.Debug|Any CPU.ActiveCfg = Debug|Any CPU
		{362B0758-C713-4044-B173-3551084446A1}.Debug|Any CPU.Build.0 = Debug|Any CPU
		{362B0758-C713-4044-B173-3551084446A1}.Release|Any CPU.ActiveCfg = Release|Any CPU
		{362B0758-C713-4044-B173-3551084446A1}.Release|Any CPU.Build.0 = Release|Any CPU
	EndGlobalSection
	GlobalSection(SolutionProperties) = preSolution
		HideSolutionNode = FALSE
	EndGlobalSection
	GlobalSection(ExtensibilityGlobals) = postSolution
		SolutionGuid = {F9DE094D-72D0-414E-86B9-61A38F448EA9}
	EndGlobalSection
EndGlobal
